git.sr.ht/~jamesponddotco/recache-go v1.0.1 h1:O9S7SdGyMh4mD+Vom0WOkY45EhJJHDRBlvVpzcL16sM=
git.sr.ht/~jamesponddotco/recache-go v1.0.1/go.mod h1:oF6LkAuwZYQqHe8+G/4hP9ZSNyDjAk6J8qhuy44wXw0=
git.sr.ht/~jamesponddotco/xstd-go v0.0.0-20230430141811-88ad6079a7f5 h1:G4rIxDd4KmYkjX1VYHcrCkpPHWD27M0SaQ1xRzSpVas=
git.sr.ht/~jamesponddotco/xstd-go v0.0.0-20230430141811-88ad6079a7f5/go.mod h1:0tqdK5/MZYSPxAiwtG4LlVfdQ+iaFoksU/FTIGQ/v/Y=
