git.sr.ht/~jamesponddotco/recache-go v1.0.1 h1:O9S7SdGyMh4mD+Vom0WOkY45EhJJHDRBlvVpzcL16sM=
git.sr.ht/~jamesponddotco/recache-go v1.0.1/go.mod h1:oF6LkAuwZYQqHe8+G/4hP9ZSNyDjAk6J8qhuy44wXw0=
git.sr.ht/~jamesponddotco/xstd-go v0.0.0-20230409194931-7d4d783b26b2 h1:hRc9J2uAbMf0AK4dj7jV9JsZep/U3Kqq+Qrp4DyaYAk=
git.sr.ht/~jamesponddotco/xstd-go v0.0.0-20230409194931-7d4d783b26b2/go.mod h1:zU/LY2+XYCYYqDzThtdAdJgmgSNJBD4Jf/21NG0eH2o=
